
Microsoft Visual Studio Solution File, Format Version 12.00
# Visual Studio Version 17
VisualStudioVersion = 17.8.34525.116
MinimumVisualStudioVersion = 10.0.40219.1
Project("{FAE04EC0-301F-11D3-BF4B-00C04F79EFBC}") = "sendgridtest", "sendgridtest\sendgridtest.csproj", "{02FF8E6A-A4AD-4219-9D93-CE501A1C74CD}"
EndProject
Global
	GlobalSection(SolutionConfigurationPlatforms) = preSolution
		Debug|Any CPU = Debug|Any CPU
		Release|Any CPU = Release|Any CPU
	EndGlobalSection
	GlobalSection(ProjectConfigurationPlatforms) = postSolution
		{02FF8E6A-A4AD-4219-9D93-CE501A1C74CD}.Debug|Any CPU.ActiveCfg = Debug|Any CPU
		{02FF8E6A-A4AD-4219-9D93-CE501A1C74CD}.Debug|Any CPU.Build.0 = Debug|Any CPU
		{02FF8E6A-A4AD-4219-9D93-CE501A1C74CD}.Release|Any CPU.ActiveCfg = Release|Any CPU
		{02FF8E6A-A4AD-4219-9D93-CE501A1C74CD}.Release|Any CPU.Build.0 = Release|Any CPU
	EndGlobalSection
	GlobalSection(SolutionProperties) = preSolution
		HideSolutionNode = FALSE
	EndGlobalSection
	GlobalSection(ExtensibilityGlobals) = postSolution
		SolutionGuid = {6004A4AB-2C4C-473D-BEAA-D00C87E51E65}
	EndGlobalSection
EndGlobal
